// !$*UTF8*$!
{
	archiveVersion = 1;
	classes = {
	};
	objectVersion = 55;
	objects = {

/* Begin PBXBuildFile section */
		40148AD52849E6B900A7EADD /* AppDelegate.swift in Sources */ = {isa = PBXBuildFile; fileRef = 40148AD42849E6B900A7EADD /* AppDelegate.swift */; };
		40148AD72849E6B900A7EADD /* SceneDelegate.swift in Sources */ = {isa = PBXBuildFile; fileRef = 40148AD62849E6B900A7EADD /* SceneDelegate.swift */; };
		40148AD92849E6B900A7EADD /* ViewController.swift in Sources */ = {isa = PBXBuildFile; fileRef = 40148AD82849E6B900A7EADD /* ViewController.swift */; };
		40148ADC2849E6B900A7EADD /* Main.storyboard in Resources */ = {isa = PBXBuildFile; fileRef = 40148ADA2849E6B900A7EADD /* Main.storyboard */; };
		40148ADE2849E6BA00A7EADD /* Assets.xcassets in Resources */ = {isa = PBXBuildFile; fileRef = 40148ADD2849E6BA00A7EADD /* Assets.xcassets */; };
		40148AE12849E6BA00A7EADD /* LaunchScreen.storyboard in Resources */ = {isa = PBXBuildFile; fileRef = 40148ADF2849E6BA00A7EADD /* LaunchScreen.storyboard */; };
		40148AEC2849E6BB00A7EADD /* webViewpracticeTests.swift in Sources */ = {isa = PBXBuildFile; fileRef = 40148AEB2849E6BB00A7EADD /* webViewpracticeTests.swift */; };
		40148AF62849E6BB00A7EADD /* webViewpracticeUITests.swift in Sources */ = {isa = PBXBuildFile; fileRef = 40148AF52849E6BB00A7EADD /* webViewpracticeUITests.swift */; };
		40148AF82849E6BB00A7EADD /* webViewpracticeUITestsLaunchTests.swift in Sources */ = {isa = PBXBuildFile; fileRef = 40148AF72849E6BB00A7EADD /* webViewpracticeUITestsLaunchTests.swift */; };
/* End PBXBuildFile section */

/* Begin PBXContainerItemProxy section */
		40148AE82849E6BB00A7EADD /* PBXContainerItemProxy */ = {
			isa = PBXContainerItemProxy;
			containerPortal = 40148AC92849E6B900A7EADD /* Project object */;
			proxyType = 1;
			remoteGlobalIDString = 40148AD02849E6B900A7EADD;
			remoteInfo = webViewpractice;
		};
		40148AF22849E6BB00A7EADD /* PBXContainerItemProxy */ = {
			isa = PBXContainerItemProxy;
			containerPortal = 40148AC92849E6B900A7EADD /* Project object */;
			proxyType = 1;
			remoteGlobalIDString = 40148AD02849E6B900A7EADD;
			remoteInfo = webViewpractice;
		};
/* End PBXContainerItemProxy section */

/* Begin PBXFileReference section */
		40148AD12849E6B900A7EADD /* webViewpractice.app */ = {isa = PBXFileReference; explicitFileType = wrapper.application; includeInIndex = 0; path = webViewpractice.app; sourceTree = BUILT_PRODUCTS_DIR; };
		40148AD42849E6B900A7EADD /* AppDelegate.swift */ = {isa = PBXFileReference; lastKnownFileType = sourcecode.swift; path = AppDelegate.swift; sourceTree = "<group>"; };
		40148AD62849E6B900A7EADD /* SceneDelegate.swift */ = {isa = PBXFileReference; lastKnownFileType = sourcecode.swift; path = SceneDelegate.swift; sourceTree = "<group>"; };
		40148AD82849E6B900A7EADD /* ViewController.swift */ = {isa = PBXFileReference; lastKnownFileType = sourcecode.swift; path = ViewController.swift; sourceTree = "<group>"; };
		40148ADB2849E6B900A7EADD /* Base */ = {isa = PBXFileReference; lastKnownFileType = file.storyboard; name = Base; path = Base.lproj/Main.storyboard; sourceTree = "<group>"; };
		40148ADD2849E6BA00A7EADD /* Assets.xcassets */ = {isa = PBXFileReference; lastKnownFileType = folder.assetcatalog; path = Assets.xcassets; sourceTree = "<group>"; };
		40148AE02849E6BA00A7EADD /* Base */ = {isa = PBXFileReference; lastKnownFileType = file.storyboard; name = Base; path = Base.lproj/LaunchScreen.storyboard; sourceTree = "<group>"; };
		40148AE22849E6BA00A7EADD /* Info.plist */ = {isa = PBXFileReference; lastKnownFileType = text.plist.xml; path = Info.plist; sourceTree = "<group>"; };
		40148AE72849E6BB00A7EADD /* webViewpracticeTests.xctest */ = {isa = PBXFileReference; explicitFileType = wrapper.cfbundle; includeInIndex = 0; path = webViewpracticeTests.xctest; sourceTree = BUILT_PRODUCTS_DIR; };
		40148AEB2849E6BB00A7EADD /* webViewpracticeTests.swift */ = {isa = PBXFileReference; lastKnownFileType = sourcecode.swift; path = webViewpracticeTests.swift; sourceTree = "<group>"; };
		40148AF12849E6BB00A7EADD /* webViewpracticeUITests.xctest */ = {isa = PBXFileReference; explicitFileType = wrapper.cfbundle; includeInIndex = 0; path = webViewpracticeUITests.xctest; sourceTree = BUILT_PRODUCTS_DIR; };
		40148AF52849E6BB00A7EADD /* webViewpracticeUITests.swift */ = {isa = PBXFileReference; lastKnownFileType = sourcecode.swift; path = webViewpracticeUITests.swift; sourceTree = "<group>"; };
		40148AF72849E6BB00A7EADD /* webViewpracticeUITestsLaunchTests.swift */ = {isa = PBXFileReference; lastKnownFileType = sourcecode.swift; path = webViewpracticeUITestsLaunchTests.swift; sourceTree = "<group>"; };
/* End PBXFileReference section */

/* Begin PBXFrameworksBuildPhase section */
		40148ACE2849E6B900A7EADD /* Frameworks */ = {
			isa = PBXFrameworksBuildPhase;
			buildActionMask = 2147483647;
			files = (
			);
			runOnlyForDeploymentPostprocessing = 0;
		};
		40148AE42849E6BB00A7EADD /* Frameworks */ = {
			isa = PBXFrameworksBuildPhase;
			buildActionMask = 2147483647;
			files = (
			);
			runOnlyForDeploymentPostprocessing = 0;
		};
		40148AEE2849E6BB00A7EADD /* Frameworks */ = {
			isa = PBXFrameworksBuildPhase;
			buildActionMask = 2147483647;
			files = (
			);
			runOnlyForDeploymentPostprocessing = 0;
		};
/* End PBXFrameworksBuildPhase section */

/* Begin PBXGroup section */
		40148AC82849E6B900A7EADD = {
			isa = PBXGroup;
			children = (
				40148AD32849E6B900A7EADD /* webViewpractice */,
				40148AEA2849E6BB00A7EADD /* webViewpracticeTests */,
				40148AF42849E6BB00A7EADD /* webViewpracticeUITests */,
				40148AD22849E6B900A7EADD /* Products */,
			);
			sourceTree = "<group>";
		};
		40148AD22849E6B900A7EADD /* Products */ = {
			isa = PBXGroup;
			children = (
				40148AD12849E6B900A7EADD /* webViewpractice.app */,
				40148AE72849E6BB00A7EADD /* webViewpracticeTests.xctest */,
				40148AF12849E6BB00A7EADD /* webViewpracticeUITests.xctest */,
			);
			name = Products;
			sourceTree = "<group>";
		};
		40148AD32849E6B900A7EADD /* webViewpractice */ = {
			isa = PBXGroup;
			children = (
				40148AD42849E6B900A7EADD /* AppDelegate.swift */,
				40148AD62849E6B900A7EADD /* SceneDelegate.swift */,
				40148AD82849E6B900A7EADD /* ViewController.swift */,
				40148ADA2849E6B900A7EADD /* Main.storyboard */,
				40148ADD2849E6BA00A7EADD /* Assets.xcassets */,
				40148ADF2849E6BA00A7EADD /* LaunchScreen.storyboard */,
				40148AE22849E6BA00A7EADD /* Info.plist */,
			);
			path = webViewpractice;
			sourceTree = "<group>";
		};
		40148AEA2849E6BB00A7EADD /* webViewpracticeTests */ = {
			isa = PBXGroup;
			children = (
				40148AEB2849E6BB00A7EADD /* webViewpracticeTests.swift */,
			);
			path = webViewpracticeTests;
			sourceTree = "<group>";
		};
		40148AF42849E6BB00A7EADD /* webViewpracticeUITests */ = {
			isa = PBXGroup;
			children = (
				40148AF52849E6BB00A7EADD /* webViewpracticeUITests.swift */,
				40148AF72849E6BB00A7EADD /* webViewpracticeUITestsLaunchTests.swift */,
			);
			path = webViewpracticeUITests;
			sourceTree = "<group>";
		};
/* End PBXGroup section */

/* Begin PBXNativeTarget section */
		40148AD02849E6B900A7EADD /* webViewpractice */ = {
			isa = PBXNativeTarget;
			buildConfigurationList = 40148AFB2849E6BB00A7EADD /* Build configuration list for PBXNativeTarget "webViewpractice" */;
			buildPhases = (
				40148ACD2849E6B900A7EADD /* Sources */,
				40148ACE2849E6B900A7EADD /* Frameworks */,
				40148ACF2849E6B900A7EADD /* Resources */,
			);
			buildRules = (
			);
			dependencies = (
			);
			name = webViewpractice;
			productName = webViewpractice;
			productReference = 40148AD12849E6B900A7EADD /* webViewpractice.app */;
			productType = "com.apple.product-type.application";
		};
		40148AE62849E6BB00A7EADD /* webViewpracticeTests */ = {
			isa = PBXNativeTarget;
			buildConfigurationList = 40148AFE2849E6BB00A7EADD /* Build configuration list for PBXNativeTarget "webViewpracticeTests" */;
			buildPhases = (
				40148AE32849E6BB00A7EADD /* Sources */,
				40148AE42849E6BB00A7EADD /* Frameworks */,
				40148AE52849E6BB00A7EADD /* Resources */,
			);
			buildRules = (
			);
			dependencies = (
				40148AE92849E6BB00A7EADD /* PBXTargetDependency */,
			);
			name = webViewpracticeTests;
			productName = webViewpracticeTests;
			productReference = 40148AE72849E6BB00A7EADD /* webViewpracticeTests.xctest */;
			productType = "com.apple.product-type.bundle.unit-test";
		};
		40148AF02849E6BB00A7EADD /* webViewpracticeUITests */ = {
			isa = PBXNativeTarget;
			buildConfigurationList = 40148B012849E6BB00A7EADD /* Build configuration list for PBXNativeTarget "webViewpracticeUITests" */;
			buildPhases = (
				40148AED2849E6BB00A7EADD /* Sources */,
				40148AEE2849E6BB00A7EADD /* Frameworks */,
				40148AEF2849E6BB00A7EADD /* Resources */,
			);
			buildRules = (
			);
			dependencies = (
				40148AF32849E6BB00A7EADD /* PBXTargetDependency */,
			);
			name = webViewpracticeUITests;
			productName = webViewpracticeUITests;
			productReference = 40148AF12849E6BB00A7EADD /* webViewpracticeUITests.xctest */;
			productType = "com.apple.product-type.bundle.ui-testing";
		};
/* End PBXNativeTarget section */

/* Begin PBXProject section */
		40148AC92849E6B900A7EADD /* Project object */ = {
			isa = PBXProject;
			attributes = {
				BuildIndependentTargetsInParallel = 1;
				LastSwiftUpdateCheck = 1340;
				LastUpgradeCheck = 1340;
				TargetAttributes = {
					40148AD02849E6B900A7EADD = {
						CreatedOnToolsVersion = 13.4;
					};
					40148AE62849E6BB00A7EADD = {
						CreatedOnToolsVersion = 13.4;
						TestTargetID = 40148AD02849E6B900A7EADD;
					};
					40148AF02849E6BB00A7EADD = {
						CreatedOnToolsVersion = 13.4;
						TestTargetID = 40148AD02849E6B900A7EADD;
					};
				};
			};
			buildConfigurationList = 40148ACC2849E6B900A7EADD /* Build configuration list for PBXProject "webViewpractice" */;
			compatibilityVersion = "Xcode 13.0";
			developmentRegion = en;
			hasScannedForEncodings = 0;
			knownRegions = (
				en,
				Base,
			);
			mainGroup = 40148AC82849E6B900A7EADD;
			productRefGroup = 40148AD22849E6B900A7EADD /* Products */;
			projectDirPath = "";
			projectRoot = "";
			targets = (
				40148AD02849E6B900A7EADD /* webViewpractice */,
				40148AE62849E6BB00A7EADD /* webViewpracticeTests */,
				40148AF02849E6BB00A7EADD /* webViewpracticeUITests */,
			);
		};
/* End PBXProject section */

/* Begin PBXResourcesBuildPhase section */
		40148ACF2849E6B900A7EADD /* Resources */ = {
			isa = PBXResourcesBuildPhase;
			buildActionMask = 2147483647;
			files = (
				40148AE12849E6BA00A7EADD /* LaunchScreen.storyboard in Resources */,
				40148ADE2849E6BA00A7EADD /* Assets.xcassets in Resources */,
				40148ADC2849E6B900A7EADD /* Main.storyboard in Resources */,
			);
			runOnlyForDeploymentPostprocessing = 0;
		};
		40148AE52849E6BB00A7EADD /* Resources */ = {
			isa = PBXResourcesBuildPhase;
			buildActionMask = 2147483647;
			files = (
			);
			runOnlyForDeploymentPostprocessing = 0;
		};
		40148AEF2849E6BB00A7EADD /* Resources */ = {
			isa = PBXResourcesBuildPhase;
			buildActionMask = 2147483647;
			files = (
			);
			runOnlyForDeploymentPostprocessing = 0;
		};
/* End PBXResourcesBuildPhase section */

/* Begin PBXSourcesBuildPhase section */
		40148ACD2849E6B900A7EADD /* Sources */ = {
			isa = PBXSourcesBuildPhase;
			buildActionMask = 2147483647;
			files = (
				40148AD92849E6B900A7EADD /* ViewController.swift in Sources */,
				40148AD52849E6B900A7EADD /* AppDelegate.swift in Sources */,
				40148AD72849E6B900A7EADD /* SceneDelegate.swift in Sources */,
			);
			runOnlyForDeploymentPostprocessing = 0;
		};
		40148AE32849E6BB00A7EADD /* Sources */ = {
			isa = PBXSourcesBuildPhase;
			buildActionMask = 2147483647;
			files = (
				40148AEC2849E6BB00A7EADD /* webViewpracticeTests.swift in Sources */,
			);
			runOnlyForDeploymentPostprocessing = 0;
		};
		40148AED2849E6BB00A7EADD /* Sources */ = {
			isa = PBXSourcesBuildPhase;
			buildActionMask = 2147483647;
			files = (
				40148AF62849E6BB00A7EADD /* webViewpracticeUITests.swift in Sources */,
				40148AF82849E6BB00A7EADD /* webViewpracticeUITestsLaunchTests.swift in Sources */,
			);
			runOnlyForDeploymentPostprocessing = 0;
		};
/* End PBXSourcesBuildPhase section */

/* Begin PBXTargetDependency section */
		40148AE92849E6BB00A7EADD /* PBXTargetDependency */ = {
			isa = PBXTargetDependency;
			target = 40148AD02849E6B900A7EADD /* webViewpractice */;
			targetProxy = 40148AE82849E6BB00A7EADD /* PBXContainerItemProxy */;
		};
		40148AF32849E6BB00A7EADD /* PBXTargetDependency */ = {
			isa = PBXTargetDependency;
			target = 40148AD02849E6B900A7EADD /* webViewpractice */;
			targetProxy = 40148AF22849E6BB00A7EADD /* PBXContainerItemProxy */;
		};
/* End PBXTargetDependency section */

/* Begin PBXVariantGroup section */
		40148ADA2849E6B900A7EADD /* Main.storyboard */ = {
			isa = PBXVariantGroup;
			children = (
				40148ADB2849E6B900A7EADD /* Base */,
			);
			name = Main.storyboard;
			sourceTree = "<group>";
		};
		40148ADF2849E6BA00A7EADD /* LaunchScreen.storyboard */ = {
			isa = PBXVariantGroup;
			children = (
				40148AE02849E6BA00A7EADD /* Base */,
			);
			name = LaunchScreen.storyboard;
			sourceTree = "<group>";
		};
/* End PBXVariantGroup section */

/* Begin XCBuildConfiguration section */
		40148AF92849E6BB00A7EADD /* Debug */ = {
			isa = XCBuildConfiguration;
			buildSettings = {
				ALWAYS_SEARCH_USER_PATHS = NO;
				CLANG_ANALYZER_NONNULL = YES;
				CLANG_ANALYZER_NUMBER_OBJECT_CONVERSION = YES_AGGRESSIVE;
				CLANG_CXX_LANGUAGE_STANDARD = "gnu++17";
				CLANG_ENABLE_MODULES = YES;
				CLANG_ENABLE_OBJC_ARC = YES;
				CLANG_ENABLE_OBJC_WEAK = YES;
				CLANG_WARN_BLOCK_CAPTURE_AUTORELEASING = YES;
				CLANG_WARN_BOOL_CONVERSION = YES;
				CLANG_WARN_COMMA = YES;
				CLANG_WARN_CONSTANT_CONVERSION = YES;
				CLANG_WARN_DEPRECATED_OBJC_IMPLEMENTATIONS = YES;
				CLANG_WARN_DIRECT_OBJC_ISA_USAGE = YES_ERROR;
				CLANG_WARN_DOCUMENTATION_COMMENTS = YES;
				CLANG_WARN_EMPTY_BODY = YES;
				CLANG_WARN_ENUM_CONVERSION = YES;
				CLANG_WARN_INFINITE_RECURSION = YES;
				CLANG_WARN_INT_CONVERSION = YES;
				CLANG_WARN_NON_LITERAL_NULL_CONVERSION = YES;
				CLANG_WARN_OBJC_IMPLICIT_RETAIN_SELF = YES;
				CLANG_WARN_OBJC_LITERAL_CONVERSION = YES;
				CLANG_WARN_OBJC_ROOT_CLASS = YES_ERROR;
				CLANG_WARN_QUOTED_INCLUDE_IN_FRAMEWORK_HEADER = YES;
				CLANG_WARN_RANGE_LOOP_ANALYSIS = YES;
				CLANG_WARN_STRICT_PROTOTYPES = YES;
				CLANG_WARN_SUSPICIOUS_MOVE = YES;
				CLANG_WARN_UNGUARDED_AVAILABILITY = YES_AGGRESSIVE;
				CLANG_WARN_UNREACHABLE_CODE = YES;
				CLANG_WARN__DUPLICATE_METHOD_MATCH = YES;
				COPY_PHASE_STRIP = NO;
				DEBUG_INFORMATION_FORMAT = dwarf;
				ENABLE_STRICT_OBJC_MSGSEND = YES;
				ENABLE_TESTABILITY = YES;
				GCC_C_LANGUAGE_STANDARD = gnu11;
				GCC_DYNAMIC_NO_PIC = NO;
				GCC_NO_COMMON_BLOCKS = YES;
				GCC_OPTIMIZATION_LEVEL = 0;
				GCC_PREPROCESSOR_DEFINITIONS = (
					"DEBUG=1",
					"$(inherited)",
				);
				GCC_WARN_64_TO_32_BIT_CONVERSION = YES;
				GCC_WARN_ABOUT_RETURN_TYPE = YES_ERROR;
				GCC_WARN_UNDECLARED_SELECTOR = YES;
				GCC_WARN_UNINITIALIZED_AUTOS = YES_AGGRESSIVE;
				GCC_WARN_UNUSED_FUNCTION = YES;
				GCC_WARN_UNUSED_VARIABLE = YES;
				IPHONEOS_DEPLOYMENT_TARGET = 15.5;
				MTL_ENABLE_DEBUG_INFO = INCLUDE_SOURCE;
				MTL_FAST_MATH = YES;
				ONLY_ACTIVE_ARCH = YES;
				SDKROOT = iphoneos;
				SWIFT_ACTIVE_COMPILATION_CONDITIONS = DEBUG;
				SWIFT_OPTIMIZATION_LEVEL = "-Onone";
			};
			name = Debug;
		};
		40148AFA2849E6BB00A7EADD /* Release */ = {
			isa = XCBuildConfiguration;
			buildSettings = {
				ALWAYS_SEARCH_USER_PATHS = NO;
				CLANG_ANALYZER_NONNULL = YES;
				CLANG_ANALYZER_NUMBER_OBJECT_CONVERSION = YES_AGGRESSIVE;
				CLANG_CXX_LANGUAGE_STANDARD = "gnu++17";
				CLANG_ENABLE_MODULES = YES;
				CLANG_ENABLE_OBJC_ARC = YES;
				CLANG_ENABLE_OBJC_WEAK = YES;
				CLANG_WARN_BLOCK_CAPTURE_AUTORELEASING = YES;
				CLANG_WARN_BOOL_CONVERSION = YES;
				CLANG_WARN_COMMA = YES;
				CLANG_WARN_CONSTANT_CONVERSION = YES;
				CLANG_WARN_DEPRECATED_OBJC_IMPLEMENTATIONS = YES;
				CLANG_WARN_DIRECT_OBJC_ISA_USAGE = YES_ERROR;
				CLANG_WARN_DOCUMENTATION_COMMENTS = YES;
				CLANG_WARN_EMPTY_BODY = YES;
				CLANG_WARN_ENUM_CONVERSION = YES;
				CLANG_WARN_INFINITE_RECURSION = YES;
				CLANG_WARN_INT_CONVERSION = YES;
				CLANG_WARN_NON_LITERAL_NULL_CONVERSION = YES;
				CLANG_WARN_OBJC_IMPLICIT_RETAIN_SELF = YES;
				CLANG_WARN_OBJC_LITERAL_CONVERSION = YES;
				CLANG_WARN_OBJC_ROOT_CLASS = YES_ERROR;
				CLANG_WARN_QUOTED_INCLUDE_IN_FRAMEWORK_HEADER = YES;
				CLANG_WARN_RANGE_LOOP_ANALYSIS = YES;
				CLANG_WARN_STRICT_PROTOTYPES = YES;
				CLANG_WARN_SUSPICIOUS_MOVE = YES;
				CLANG_WARN_UNGUARDED_AVAILABILITY = YES_AGGRESSIVE;
				CLANG_WARN_UNREACHABLE_CODE = YES;
				CLANG_WARN__DUPLICATE_METHOD_MATCH = YES;
				COPY_PHASE_STRIP = NO;
				DEBUG_INFORMATION_FORMAT = "dwarf-with-dsym";
				ENABLE_NS_ASSERTIONS = NO;
				ENABLE_STRICT_OBJC_MSGSEND = YES;
				GCC_C_LANGUAGE_STANDARD = gnu11;
				GCC_NO_COMMON_BLOCKS = YES;
				GCC_WARN_64_TO_32_BIT_CONVERSION = YES;
				GCC_WARN_ABOUT_RETURN_TYPE = YES_ERROR;
				GCC_WARN_UNDECLARED_SELECTOR = YES;
				GCC_WARN_UNINITIALIZED_AUTOS = YES_AGGRESSIVE;
				GCC_WARN_UNUSED_FUNCTION = YES;
				GCC_WARN_UNUSED_VARIABLE = YES;
				IPHONEOS_DEPLOYMENT_TARGET = 15.5;
				MTL_ENABLE_DEBUG_INFO = NO;
				MTL_FAST_MATH = YES;
				SDKROOT = iphoneos;
				SWIFT_COMPILATION_MODE = wholemodule;
				SWIFT_OPTIMIZATION_LEVEL = "-O";
				VALIDATE_PRODUCT = YES;
			};
			name = Release;
		};
		40148AFC2849E6BB00A7EADD /* Debug */ = {
			isa = XCBuildConfiguration;
			buildSettings = {
				ASSETCATALOG_COMPILER_APPICON_NAME = AppIcon;
				ASSETCATALOG_COMPILER_GLOBAL_ACCENT_COLOR_NAME = AccentColor;
				CODE_SIGN_STYLE = Automatic;
				CURRENT_PROJECT_VERSION = 1;
				DEVELOPMENT_TEAM = NA9T93Y8HB;
				GENERATE_INFOPLIST_FILE = YES;
				INFOPLIST_FILE = webViewpractice/Info.plist;
				INFOPLIST_KEY_UIApplicationSupportsIndirectInputEvents = YES;
				INFOPLIST_KEY_UILaunchStoryboardName = LaunchScreen;
				INFOPLIST_KEY_UIMainStoryboardFile = Main;
				INFOPLIST_KEY_UISupportedInterfaceOrientations_iPad = "UIInterfaceOrientationPortrait UIInterfaceOrientationPortraitUpsideDown UIInterfaceOrientationLandscapeLeft UIInterfaceOrientationLandscapeRight";
				INFOPLIST_KEY_UISupportedInterfaceOrientations_iPhone = "UIInterfaceOrientationPortrait UIInterfaceOrientationLandscapeLeft UIInterfaceOrientationLandscapeRight";
				LD_RUNPATH_SEARCH_PATHS = (
					"$(inherited)",
					"@executable_path/Frameworks",
				);
				MARKETING_VERSION = 1.0;
				PRODUCT_BUNDLE_IDENTIFIER = practice.webViewpractice;
				PRODUCT_NAME = "$(TARGET_NAME)";
				SWIFT_EMIT_LOC_STRINGS = YES;
				SWIFT_VERSION = 5.0;
				TARGETED_DEVICE_FAMILY = "1,2";
			};
			name = Debug;
		};
		40148AFD2849E6BB00A7EADD /* Release */ = {
			isa = XCBuildConfiguration;
			buildSettings = {
				ASSETCATALOG_COMPILER_APPICON_NAME = AppIcon;
				ASSETCATALOG_COMPILER_GLOBAL_ACCENT_COLOR_NAME = AccentColor;
				CODE_SIGN_STYLE = Automatic;
				CURRENT_PROJECT_VERSION = 1;
				DEVELOPMENT_TEAM = NA9T93Y8HB;
				GENERATE_INFOPLIST_FILE = YES;
				INFOPLIST_FILE = webViewpractice/Info.plist;
				INFOPLIST_KEY_UIApplicationSupportsIndirectInputEvents = YES;
				INFOPLIST_KEY_UILaunchStoryboardName = LaunchScreen;
				INFOPLIST_KEY_UIMainStoryboardFile = Main;
				INFOPLIST_KEY_UISupportedInterfaceOrientations_iPad = "UIInterfaceOrientationPortrait UIInterfaceOrientationPortraitUpsideDown UIInterfaceOrientationLandscapeLeft UIInterfaceOrientationLandscapeRight";
				INFOPLIST_KEY_UISupportedInterfaceOrientations_iPhone = "UIInterfaceOrientationPortrait UIInterfaceOrientationLandscapeLeft UIInterfaceOrientationLandscapeRight";
				LD_RUNPATH_SEARCH_PATHS = (
					"$(inherited)",
					"@executable_path/Frameworks",
				);
				MARKETING_VERSION = 1.0;
				PRODUCT_BUNDLE_IDENTIFIER = practice.webViewpractice;
				PRODUCT_NAME = "$(TARGET_NAME)";
				SWIFT_EMIT_LOC_STRINGS = YES;
				SWIFT_VERSION = 5.0;
				TARGETED_DEVICE_FAMILY = "1,2";
			};
			name = Release;
		};
		40148AFF2849E6BB00A7EADD /* Debug */ = {
			isa = XCBuildConfiguration;
			buildSettings = {
				ALWAYS_EMBED_SWIFT_STANDARD_LIBRARIES = YES;
				BUNDLE_LOADER = "$(TEST_HOST)";
				CODE_SIGN_STYLE = Automatic;
				CURRENT_PROJECT_VERSION = 1;
				DEVELOPMENT_TEAM = NA9T93Y8HB;
				GENERATE_INFOPLIST_FILE = YES;
				IPHONEOS_DEPLOYMENT_TARGET = 15.5;
				MARKETING_VERSION = 1.0;
				PRODUCT_BUNDLE_IDENTIFIER = practice.webViewpracticeTests;
				PRODUCT_NAME = "$(TARGET_NAME)";
				SWIFT_EMIT_LOC_STRINGS = NO;
				SWIFT_VERSION = 5.0;
				TARGETED_DEVICE_FAMILY = "1,2";
				TEST_HOST = "$(BUILT_PRODUCTS_DIR)/webViewpractice.app/webViewpractice";
			};
			name = Debug;
		};
		40148B002849E6BB00A7EADD /* Release */ = {
			isa = XCBuildConfiguration;
			buildSettings = {
				ALWAYS_EMBED_SWIFT_STANDARD_LIBRARIES = YES;
				BUNDLE_LOADER = "$(TEST_HOST)";
				CODE_SIGN_STYLE = Automatic;
				CURRENT_PROJECT_VERSION = 1;
				DEVELOPMENT_TEAM = NA9T93Y8HB;
				GENERATE_INFOPLIST_FILE = YES;
				IPHONEOS_DEPLOYMENT_TARGET = 15.5;
				MARKETING_VERSION = 1.0;
				PRODUCT_BUNDLE_IDENTIFIER = practice.webViewpracticeTests;
				PRODUCT_NAME = "$(TARGET_NAME)";
				SWIFT_EMIT_LOC_STRINGS = NO;
				SWIFT_VERSION = 5.0;
				TARGETED_DEVICE_FAMILY = "1,2";
				TEST_HOST = "$(BUILT_PRODUCTS_DIR)/webViewpractice.app/webViewpractice";
			};
			name = Release;
		};
		40148B022849E6BB00A7EADD /* Debug */ = {
			isa = XCBuildConfiguration;
			buildSettings = {
				ALWAYS_EMBED_SWIFT_STANDARD_LIBRARIES = YES;
				CODE_SIGN_STYLE = Automatic;
				CURRENT_PROJECT_VERSION = 1;
				DEVELOPMENT_TEAM = NA9T93Y8HB;
				GENERATE_INFOPLIST_FILE = YES;
				MARKETING_VERSION = 1.0;
				PRODUCT_BUNDLE_IDENTIFIER = practice.webViewpracticeUITests;
				PRODUCT_NAME = "$(TARGET_NAME)";
				SWIFT_EMIT_LOC_STRINGS = NO;
				SWIFT_VERSION = 5.0;
				TARGETED_DEVICE_FAMILY = "1,2";
				TEST_TARGET_NAME = webViewpractice;
			};
			name = Debug;
		};
		40148B032849E6BB00A7EADD /* Release */ = {
			isa = XCBuildConfiguration;
			buildSettings = {
				ALWAYS_EMBED_SWIFT_STANDARD_LIBRARIES = YES;
				CODE_SIGN_STYLE = Automatic;
				CURRENT_PROJECT_VERSION = 1;
				DEVELOPMENT_TEAM = NA9T93Y8HB;
				GENERATE_INFOPLIST_FILE = YES;
				MARKETING_VERSION = 1.0;
				PRODUCT_BUNDLE_IDENTIFIER = practice.webViewpracticeUITests;
				PRODUCT_NAME = "$(TARGET_NAME)";
				SWIFT_EMIT_LOC_STRINGS = NO;
				SWIFT_VERSION = 5.0;
				TARGETED_DEVICE_FAMILY = "1,2";
				TEST_TARGET_NAME = webViewpractice;
			};
			name = Release;
		};
/* End XCBuildConfiguration section */

/* Begin XCConfigurationList section */
		40148ACC2849E6B900A7EADD /* Build configuration list for PBXProject "webViewpractice" */ = {
			isa = XCConfigurationList;
			buildConfigurations = (
				40148AF92849E6BB00A7EADD /* Debug */,
				40148AFA2849E6BB00A7EADD /* Release */,
			);
			defaultConfigurationIsVisible = 0;
			defaultConfigurationName = Release;
		};
		40148AFB2849E6BB00A7EADD /* Build configuration list for PBXNativeTarget "webViewpractice" */ = {
			isa = XCConfigurationList;
			buildConfigurations = (
				40148AFC2849E6BB00A7EADD /* Debug */,
				40148AFD2849E6BB00A7EADD /* Release */,
			);
			defaultConfigurationIsVisible = 0;
			defaultConfigurationName = Release;
		};
		40148AFE2849E6BB00A7EADD /* Build configuration list for PBXNativeTarget "webViewpracticeTests" */ = {
			isa = XCConfigurationList;
			buildConfigurations = (
				40148AFF2849E6BB00A7EADD /* Debug */,
				40148B002849E6BB00A7EADD /* Release */,
			);
			defaultConfigurationIsVisible = 0;
			defaultConfigurationName = Release;
		};
		40148B012849E6BB00A7EADD /* Build configuration list for PBXNativeTarget "webViewpracticeUITests" */ = {
			isa = XCConfigurationList;
			buildConfigurations = (
				40148B022849E6BB00A7EADD /* Debug */,
				40148B032849E6BB00A7EADD /* Release */,
			);
			defaultConfigurationIsVisible = 0;
			defaultConfigurationName = Release;
		};
/* End XCConfigurationList section */
	};
	rootObject = 40148AC92849E6B900A7EADD /* Project object */;
}
