// !$*UTF8*$!
{
	archiveVersion = 1;
	classes = {
	};
	objectVersion = 55;
	objects = {

/* Begin PBXBuildFile section */
		4026B84A28534AE700A0A434 /* AppDelegate.swift in Sources */ = {isa = PBXBuildFile; fileRef = 4026B84928534AE700A0A434 /* AppDelegate.swift */; };
		4026B84C28534AE700A0A434 /* SceneDelegate.swift in Sources */ = {isa = PBXBuildFile; fileRef = 4026B84B28534AE700A0A434 /* SceneDelegate.swift */; };
		4026B84E28534AE700A0A434 /* ViewController.swift in Sources */ = {isa = PBXBuildFile; fileRef = 4026B84D28534AE700A0A434 /* ViewController.swift */; };
		4026B85128534AE700A0A434 /* Main.storyboard in Resources */ = {isa = PBXBuildFile; fileRef = 4026B84F28534AE700A0A434 /* Main.storyboard */; };
		4026B85328534AE900A0A434 /* Assets.xcassets in Resources */ = {isa = PBXBuildFile; fileRef = 4026B85228534AE900A0A434 /* Assets.xcassets */; };
		4026B85628534AE900A0A434 /* LaunchScreen.storyboard in Resources */ = {isa = PBXBuildFile; fileRef = 4026B85428534AE900A0A434 /* LaunchScreen.storyboard */; };
		4026B86128534AE900A0A434 /* ExLoginScreenTests.swift in Sources */ = {isa = PBXBuildFile; fileRef = 4026B86028534AE900A0A434 /* ExLoginScreenTests.swift */; };
		4026B86B28534AE900A0A434 /* ExLoginScreenUITests.swift in Sources */ = {isa = PBXBuildFile; fileRef = 4026B86A28534AE900A0A434 /* ExLoginScreenUITests.swift */; };
		4026B86D28534AE900A0A434 /* ExLoginScreenUITestsLaunchTests.swift in Sources */ = {isa = PBXBuildFile; fileRef = 4026B86C28534AE900A0A434 /* ExLoginScreenUITestsLaunchTests.swift */; };
		4026B87A28534ED300A0A434 /* SecViewController.swift in Sources */ = {isa = PBXBuildFile; fileRef = 4026B87928534ED300A0A434 /* SecViewController.swift */; };
		4026B87D2853634800A0A434 /* SecTableViewCell.swift in Sources */ = {isa = PBXBuildFile; fileRef = 4026B87B2853634800A0A434 /* SecTableViewCell.swift */; };
		4026B87E2853634800A0A434 /* SecTableViewCell.xib in Resources */ = {isa = PBXBuildFile; fileRef = 4026B87C2853634800A0A434 /* SecTableViewCell.xib */; };
		4026B8812853637400A0A434 /* SecCollectionViewCell.swift in Sources */ = {isa = PBXBuildFile; fileRef = 4026B87F2853637400A0A434 /* SecCollectionViewCell.swift */; };
		4026B8822853637400A0A434 /* SecCollectionViewCell.xib in Resources */ = {isa = PBXBuildFile; fileRef = 4026B8802853637400A0A434 /* SecCollectionViewCell.xib */; };
/* End PBXBuildFile section */

/* Begin PBXContainerItemProxy section */
		4026B85D28534AE900A0A434 /* PBXContainerItemProxy */ = {
			isa = PBXContainerItemProxy;
			containerPortal = 4026B83E28534AE600A0A434 /* Project object */;
			proxyType = 1;
			remoteGlobalIDString = 4026B84528534AE700A0A434;
			remoteInfo = ExLoginScreen;
		};
		4026B86728534AE900A0A434 /* PBXContainerItemProxy */ = {
			isa = PBXContainerItemProxy;
			containerPortal = 4026B83E28534AE600A0A434 /* Project object */;
			proxyType = 1;
			remoteGlobalIDString = 4026B84528534AE700A0A434;
			remoteInfo = ExLoginScreen;
		};
/* End PBXContainerItemProxy section */

/* Begin PBXFileReference section */
		4026B84628534AE700A0A434 /* ExLoginScreen.app */ = {isa = PBXFileReference; explicitFileType = wrapper.application; includeInIndex = 0; path = ExLoginScreen.app; sourceTree = BUILT_PRODUCTS_DIR; };
		4026B84928534AE700A0A434 /* AppDelegate.swift */ = {isa = PBXFileReference; lastKnownFileType = sourcecode.swift; path = AppDelegate.swift; sourceTree = "<group>"; };
		4026B84B28534AE700A0A434 /* SceneDelegate.swift */ = {isa = PBXFileReference; lastKnownFileType = sourcecode.swift; path = SceneDelegate.swift; sourceTree = "<group>"; };
		4026B84D28534AE700A0A434 /* ViewController.swift */ = {isa = PBXFileReference; lastKnownFileType = sourcecode.swift; path = ViewController.swift; sourceTree = "<group>"; };
		4026B85028534AE700A0A434 /* Base */ = {isa = PBXFileReference; lastKnownFileType = file.storyboard; name = Base; path = Base.lproj/Main.storyboard; sourceTree = "<group>"; };
		4026B85228534AE900A0A434 /* Assets.xcassets */ = {isa = PBXFileReference; lastKnownFileType = folder.assetcatalog; path = Assets.xcassets; sourceTree = "<group>"; };
		4026B85528534AE900A0A434 /* Base */ = {isa = PBXFileReference; lastKnownFileType = file.storyboard; name = Base; path = Base.lproj/LaunchScreen.storyboard; sourceTree = "<group>"; };
		4026B85728534AE900A0A434 /* Info.plist */ = {isa = PBXFileReference; lastKnownFileType = text.plist.xml; path = Info.plist; sourceTree = "<group>"; };
		4026B85C28534AE900A0A434 /* ExLoginScreenTests.xctest */ = {isa = PBXFileReference; explicitFileType = wrapper.cfbundle; includeInIndex = 0; path = ExLoginScreenTests.xctest; sourceTree = BUILT_PRODUCTS_DIR; };
		4026B86028534AE900A0A434 /* ExLoginScreenTests.swift */ = {isa = PBXFileReference; lastKnownFileType = sourcecode.swift; path = ExLoginScreenTests.swift; sourceTree = "<group>"; };
		4026B86628534AE900A0A434 /* ExLoginScreenUITests.xctest */ = {isa = PBXFileReference; explicitFileType = wrapper.cfbundle; includeInIndex = 0; path = ExLoginScreenUITests.xctest; sourceTree = BUILT_PRODUCTS_DIR; };
		4026B86A28534AE900A0A434 /* ExLoginScreenUITests.swift */ = {isa = PBXFileReference; lastKnownFileType = sourcecode.swift; path = ExLoginScreenUITests.swift; sourceTree = "<group>"; };
		4026B86C28534AE900A0A434 /* ExLoginScreenUITestsLaunchTests.swift */ = {isa = PBXFileReference; lastKnownFileType = sourcecode.swift; path = ExLoginScreenUITestsLaunchTests.swift; sourceTree = "<group>"; };
		4026B87928534ED300A0A434 /* SecViewController.swift */ = {isa = PBXFileReference; lastKnownFileType = sourcecode.swift; path = SecViewController.swift; sourceTree = "<group>"; };
		4026B87B2853634800A0A434 /* SecTableViewCell.swift */ = {isa = PBXFileReference; lastKnownFileType = sourcecode.swift; path = SecTableViewCell.swift; sourceTree = "<group>"; };
		4026B87C2853634800A0A434 /* SecTableViewCell.xib */ = {isa = PBXFileReference; lastKnownFileType = file.xib; path = SecTableViewCell.xib; sourceTree = "<group>"; };
		4026B87F2853637400A0A434 /* SecCollectionViewCell.swift */ = {isa = PBXFileReference; lastKnownFileType = sourcecode.swift; path = SecCollectionViewCell.swift; sourceTree = "<group>"; };
		4026B8802853637400A0A434 /* SecCollectionViewCell.xib */ = {isa = PBXFileReference; lastKnownFileType = file.xib; path = SecCollectionViewCell.xib; sourceTree = "<group>"; };
/* End PBXFileReference section */

/* Begin PBXFrameworksBuildPhase section */
		4026B84328534AE700A0A434 /* Frameworks */ = {
			isa = PBXFrameworksBuildPhase;
			buildActionMask = 2147483647;
			files = (
			);
			runOnlyForDeploymentPostprocessing = 0;
		};
		4026B85928534AE900A0A434 /* Frameworks */ = {
			isa = PBXFrameworksBuildPhase;
			buildActionMask = 2147483647;
			files = (
			);
			runOnlyForDeploymentPostprocessing = 0;
		};
		4026B86328534AE900A0A434 /* Frameworks */ = {
			isa = PBXFrameworksBuildPhase;
			buildActionMask = 2147483647;
			files = (
			);
			runOnlyForDeploymentPostprocessing = 0;
		};
/* End PBXFrameworksBuildPhase section */

/* Begin PBXGroup section */
		4026B83D28534AE600A0A434 = {
			isa = PBXGroup;
			children = (
				4026B84828534AE700A0A434 /* ExLoginScreen */,
				4026B85F28534AE900A0A434 /* ExLoginScreenTests */,
				4026B86928534AE900A0A434 /* ExLoginScreenUITests */,
				4026B84728534AE700A0A434 /* Products */,
			);
			sourceTree = "<group>";
		};
		4026B84728534AE700A0A434 /* Products */ = {
			isa = PBXGroup;
			children = (
				4026B84628534AE700A0A434 /* ExLoginScreen.app */,
				4026B85C28534AE900A0A434 /* ExLoginScreenTests.xctest */,
				4026B86628534AE900A0A434 /* ExLoginScreenUITests.xctest */,
			);
			name = Products;
			sourceTree = "<group>";
		};
		4026B84828534AE700A0A434 /* ExLoginScreen */ = {
			isa = PBXGroup;
			children = (
				4026B84928534AE700A0A434 /* AppDelegate.swift */,
				4026B84B28534AE700A0A434 /* SceneDelegate.swift */,
				4026B84D28534AE700A0A434 /* ViewController.swift */,
				4026B84F28534AE700A0A434 /* Main.storyboard */,
				4026B87928534ED300A0A434 /* SecViewController.swift */,
				4026B87B2853634800A0A434 /* SecTableViewCell.swift */,
				4026B87C2853634800A0A434 /* SecTableViewCell.xib */,
				4026B87F2853637400A0A434 /* SecCollectionViewCell.swift */,
				4026B8802853637400A0A434 /* SecCollectionViewCell.xib */,
				4026B85228534AE900A0A434 /* Assets.xcassets */,
				4026B85428534AE900A0A434 /* LaunchScreen.storyboard */,
				4026B85728534AE900A0A434 /* Info.plist */,
			);
			path = ExLoginScreen;
			sourceTree = "<group>";
		};
		4026B85F28534AE900A0A434 /* ExLoginScreenTests */ = {
			isa = PBXGroup;
			children = (
				4026B86028534AE900A0A434 /* ExLoginScreenTests.swift */,
			);
			path = ExLoginScreenTests;
			sourceTree = "<group>";
		};
		4026B86928534AE900A0A434 /* ExLoginScreenUITests */ = {
			isa = PBXGroup;
			children = (
				4026B86A28534AE900A0A434 /* ExLoginScreenUITests.swift */,
				4026B86C28534AE900A0A434 /* ExLoginScreenUITestsLaunchTests.swift */,
			);
			path = ExLoginScreenUITests;
			sourceTree = "<group>";
		};
/* End PBXGroup section */

/* Begin PBXNativeTarget section */
		4026B84528534AE700A0A434 /* ExLoginScreen */ = {
			isa = PBXNativeTarget;
			buildConfigurationList = 4026B87028534AE900A0A434 /* Build configuration list for PBXNativeTarget "ExLoginScreen" */;
			buildPhases = (
				4026B84228534AE700A0A434 /* Sources */,
				4026B84328534AE700A0A434 /* Frameworks */,
				4026B84428534AE700A0A434 /* Resources */,
			);
			buildRules = (
			);
			dependencies = (
			);
			name = ExLoginScreen;
			productName = ExLoginScreen;
			productReference = 4026B84628534AE700A0A434 /* ExLoginScreen.app */;
			productType = "com.apple.product-type.application";
		};
		4026B85B28534AE900A0A434 /* ExLoginScreenTests */ = {
			isa = PBXNativeTarget;
			buildConfigurationList = 4026B87328534AE900A0A434 /* Build configuration list for PBXNativeTarget "ExLoginScreenTests" */;
			buildPhases = (
				4026B85828534AE900A0A434 /* Sources */,
				4026B85928534AE900A0A434 /* Frameworks */,
				4026B85A28534AE900A0A434 /* Resources */,
			);
			buildRules = (
			);
			dependencies = (
				4026B85E28534AE900A0A434 /* PBXTargetDependency */,
			);
			name = ExLoginScreenTests;
			productName = ExLoginScreenTests;
			productReference = 4026B85C28534AE900A0A434 /* ExLoginScreenTests.xctest */;
			productType = "com.apple.product-type.bundle.unit-test";
		};
		4026B86528534AE900A0A434 /* ExLoginScreenUITests */ = {
			isa = PBXNativeTarget;
			buildConfigurationList = 4026B87628534AE900A0A434 /* Build configuration list for PBXNativeTarget "ExLoginScreenUITests" */;
			buildPhases = (
				4026B86228534AE900A0A434 /* Sources */,
				4026B86328534AE900A0A434 /* Frameworks */,
				4026B86428534AE900A0A434 /* Resources */,
			);
			buildRules = (
			);
			dependencies = (
				4026B86828534AE900A0A434 /* PBXTargetDependency */,
			);
			name = ExLoginScreenUITests;
			productName = ExLoginScreenUITests;
			productReference = 4026B86628534AE900A0A434 /* ExLoginScreenUITests.xctest */;
			productType = "com.apple.product-type.bundle.ui-testing";
		};
/* End PBXNativeTarget section */

/* Begin PBXProject section */
		4026B83E28534AE600A0A434 /* Project object */ = {
			isa = PBXProject;
			attributes = {
				BuildIndependentTargetsInParallel = 1;
				LastSwiftUpdateCheck = 1340;
				LastUpgradeCheck = 1340;
				TargetAttributes = {
					4026B84528534AE700A0A434 = {
						CreatedOnToolsVersion = 13.4;
					};
					4026B85B28534AE900A0A434 = {
						CreatedOnToolsVersion = 13.4;
						TestTargetID = 4026B84528534AE700A0A434;
					};
					4026B86528534AE900A0A434 = {
						CreatedOnToolsVersion = 13.4;
						TestTargetID = 4026B84528534AE700A0A434;
					};
				};
			};
			buildConfigurationList = 4026B84128534AE600A0A434 /* Build configuration list for PBXProject "ExLoginScreen" */;
			compatibilityVersion = "Xcode 13.0";
			developmentRegion = en;
			hasScannedForEncodings = 0;
			knownRegions = (
				en,
				Base,
			);
			mainGroup = 4026B83D28534AE600A0A434;
			productRefGroup = 4026B84728534AE700A0A434 /* Products */;
			projectDirPath = "";
			projectRoot = "";
			targets = (
				4026B84528534AE700A0A434 /* ExLoginScreen */,
				4026B85B28534AE900A0A434 /* ExLoginScreenTests */,
				4026B86528534AE900A0A434 /* ExLoginScreenUITests */,
			);
		};
/* End PBXProject section */

/* Begin PBXResourcesBuildPhase section */
		4026B84428534AE700A0A434 /* Resources */ = {
			isa = PBXResourcesBuildPhase;
			buildActionMask = 2147483647;
			files = (
				4026B85628534AE900A0A434 /* LaunchScreen.storyboard in Resources */,
				4026B85328534AE900A0A434 /* Assets.xcassets in Resources */,
				4026B8822853637400A0A434 /* SecCollectionViewCell.xib in Resources */,
				4026B85128534AE700A0A434 /* Main.storyboard in Resources */,
				4026B87E2853634800A0A434 /* SecTableViewCell.xib in Resources */,
			);
			runOnlyForDeploymentPostprocessing = 0;
		};
		4026B85A28534AE900A0A434 /* Resources */ = {
			isa = PBXResourcesBuildPhase;
			buildActionMask = 2147483647;
			files = (
			);
			runOnlyForDeploymentPostprocessing = 0;
		};
		4026B86428534AE900A0A434 /* Resources */ = {
			isa = PBXResourcesBuildPhase;
			buildActionMask = 2147483647;
			files = (
			);
			runOnlyForDeploymentPostprocessing = 0;
		};
/* End PBXResourcesBuildPhase section */

/* Begin PBXSourcesBuildPhase section */
		4026B84228534AE700A0A434 /* Sources */ = {
			isa = PBXSourcesBuildPhase;
			buildActionMask = 2147483647;
			files = (
				4026B87A28534ED300A0A434 /* SecViewController.swift in Sources */,
				4026B84E28534AE700A0A434 /* ViewController.swift in Sources */,
				4026B87D2853634800A0A434 /* SecTableViewCell.swift in Sources */,
				4026B84A28534AE700A0A434 /* AppDelegate.swift in Sources */,
				4026B8812853637400A0A434 /* SecCollectionViewCell.swift in Sources */,
				4026B84C28534AE700A0A434 /* SceneDelegate.swift in Sources */,
			);
			runOnlyForDeploymentPostprocessing = 0;
		};
		4026B85828534AE900A0A434 /* Sources */ = {
			isa = PBXSourcesBuildPhase;
			buildActionMask = 2147483647;
			files = (
				4026B86128534AE900A0A434 /* ExLoginScreenTests.swift in Sources */,
			);
			runOnlyForDeploymentPostprocessing = 0;
		};
		4026B86228534AE900A0A434 /* Sources */ = {
			isa = PBXSourcesBuildPhase;
			buildActionMask = 2147483647;
			files = (
				4026B86B28534AE900A0A434 /* ExLoginScreenUITests.swift in Sources */,
				4026B86D28534AE900A0A434 /* ExLoginScreenUITestsLaunchTests.swift in Sources */,
			);
			runOnlyForDeploymentPostprocessing = 0;
		};
/* End PBXSourcesBuildPhase section */

/* Begin PBXTargetDependency section */
		4026B85E28534AE900A0A434 /* PBXTargetDependency */ = {
			isa = PBXTargetDependency;
			target = 4026B84528534AE700A0A434 /* ExLoginScreen */;
			targetProxy = 4026B85D28534AE900A0A434 /* PBXContainerItemProxy */;
		};
		4026B86828534AE900A0A434 /* PBXTargetDependency */ = {
			isa = PBXTargetDependency;
			target = 4026B84528534AE700A0A434 /* ExLoginScreen */;
			targetProxy = 4026B86728534AE900A0A434 /* PBXContainerItemProxy */;
		};
/* End PBXTargetDependency section */

/* Begin PBXVariantGroup section */
		4026B84F28534AE700A0A434 /* Main.storyboard */ = {
			isa = PBXVariantGroup;
			children = (
				4026B85028534AE700A0A434 /* Base */,
			);
			name = Main.storyboard;
			sourceTree = "<group>";
		};
		4026B85428534AE900A0A434 /* LaunchScreen.storyboard */ = {
			isa = PBXVariantGroup;
			children = (
				4026B85528534AE900A0A434 /* Base */,
			);
			name = LaunchScreen.storyboard;
			sourceTree = "<group>";
		};
/* End PBXVariantGroup section */

/* Begin XCBuildConfiguration section */
		4026B86E28534AE900A0A434 /* Debug */ = {
			isa = XCBuildConfiguration;
			buildSettings = {
				ALWAYS_SEARCH_USER_PATHS = NO;
				CLANG_ANALYZER_NONNULL = YES;
				CLANG_ANALYZER_NUMBER_OBJECT_CONVERSION = YES_AGGRESSIVE;
				CLANG_CXX_LANGUAGE_STANDARD = "gnu++17";
				CLANG_ENABLE_MODULES = YES;
				CLANG_ENABLE_OBJC_ARC = YES;
				CLANG_ENABLE_OBJC_WEAK = YES;
				CLANG_WARN_BLOCK_CAPTURE_AUTORELEASING = YES;
				CLANG_WARN_BOOL_CONVERSION = YES;
				CLANG_WARN_COMMA = YES;
				CLANG_WARN_CONSTANT_CONVERSION = YES;
				CLANG_WARN_DEPRECATED_OBJC_IMPLEMENTATIONS = YES;
				CLANG_WARN_DIRECT_OBJC_ISA_USAGE = YES_ERROR;
				CLANG_WARN_DOCUMENTATION_COMMENTS = YES;
				CLANG_WARN_EMPTY_BODY = YES;
				CLANG_WARN_ENUM_CONVERSION = YES;
				CLANG_WARN_INFINITE_RECURSION = YES;
				CLANG_WARN_INT_CONVERSION = YES;
				CLANG_WARN_NON_LITERAL_NULL_CONVERSION = YES;
				CLANG_WARN_OBJC_IMPLICIT_RETAIN_SELF = YES;
				CLANG_WARN_OBJC_LITERAL_CONVERSION = YES;
				CLANG_WARN_OBJC_ROOT_CLASS = YES_ERROR;
				CLANG_WARN_QUOTED_INCLUDE_IN_FRAMEWORK_HEADER = YES;
				CLANG_WARN_RANGE_LOOP_ANALYSIS = YES;
				CLANG_WARN_STRICT_PROTOTYPES = YES;
				CLANG_WARN_SUSPICIOUS_MOVE = YES;
				CLANG_WARN_UNGUARDED_AVAILABILITY = YES_AGGRESSIVE;
				CLANG_WARN_UNREACHABLE_CODE = YES;
				CLANG_WARN__DUPLICATE_METHOD_MATCH = YES;
				COPY_PHASE_STRIP = NO;
				DEBUG_INFORMATION_FORMAT = dwarf;
				ENABLE_STRICT_OBJC_MSGSEND = YES;
				ENABLE_TESTABILITY = YES;
				GCC_C_LANGUAGE_STANDARD = gnu11;
				GCC_DYNAMIC_NO_PIC = NO;
				GCC_NO_COMMON_BLOCKS = YES;
				GCC_OPTIMIZATION_LEVEL = 0;
				GCC_PREPROCESSOR_DEFINITIONS = (
					"DEBUG=1",
					"$(inherited)",
				);
				GCC_WARN_64_TO_32_BIT_CONVERSION = YES;
				GCC_WARN_ABOUT_RETURN_TYPE = YES_ERROR;
				GCC_WARN_UNDECLARED_SELECTOR = YES;
				GCC_WARN_UNINITIALIZED_AUTOS = YES_AGGRESSIVE;
				GCC_WARN_UNUSED_FUNCTION = YES;
				GCC_WARN_UNUSED_VARIABLE = YES;
				IPHONEOS_DEPLOYMENT_TARGET = 15.5;
				MTL_ENABLE_DEBUG_INFO = INCLUDE_SOURCE;
				MTL_FAST_MATH = YES;
				ONLY_ACTIVE_ARCH = YES;
				SDKROOT = iphoneos;
				SWIFT_ACTIVE_COMPILATION_CONDITIONS = DEBUG;
				SWIFT_OPTIMIZATION_LEVEL = "-Onone";
			};
			name = Debug;
		};
		4026B86F28534AE900A0A434 /* Release */ = {
			isa = XCBuildConfiguration;
			buildSettings = {
				ALWAYS_SEARCH_USER_PATHS = NO;
				CLANG_ANALYZER_NONNULL = YES;
				CLANG_ANALYZER_NUMBER_OBJECT_CONVERSION = YES_AGGRESSIVE;
				CLANG_CXX_LANGUAGE_STANDARD = "gnu++17";
				CLANG_ENABLE_MODULES = YES;
				CLANG_ENABLE_OBJC_ARC = YES;
				CLANG_ENABLE_OBJC_WEAK = YES;
				CLANG_WARN_BLOCK_CAPTURE_AUTORELEASING = YES;
				CLANG_WARN_BOOL_CONVERSION = YES;
				CLANG_WARN_COMMA = YES;
				CLANG_WARN_CONSTANT_CONVERSION = YES;
				CLANG_WARN_DEPRECATED_OBJC_IMPLEMENTATIONS = YES;
				CLANG_WARN_DIRECT_OBJC_ISA_USAGE = YES_ERROR;
				CLANG_WARN_DOCUMENTATION_COMMENTS = YES;
				CLANG_WARN_EMPTY_BODY = YES;
				CLANG_WARN_ENUM_CONVERSION = YES;
				CLANG_WARN_INFINITE_RECURSION = YES;
				CLANG_WARN_INT_CONVERSION = YES;
				CLANG_WARN_NON_LITERAL_NULL_CONVERSION = YES;
				CLANG_WARN_OBJC_IMPLICIT_RETAIN_SELF = YES;
				CLANG_WARN_OBJC_LITERAL_CONVERSION = YES;
				CLANG_WARN_OBJC_ROOT_CLASS = YES_ERROR;
				CLANG_WARN_QUOTED_INCLUDE_IN_FRAMEWORK_HEADER = YES;
				CLANG_WARN_RANGE_LOOP_ANALYSIS = YES;
				CLANG_WARN_STRICT_PROTOTYPES = YES;
				CLANG_WARN_SUSPICIOUS_MOVE = YES;
				CLANG_WARN_UNGUARDED_AVAILABILITY = YES_AGGRESSIVE;
				CLANG_WARN_UNREACHABLE_CODE = YES;
				CLANG_WARN__DUPLICATE_METHOD_MATCH = YES;
				COPY_PHASE_STRIP = NO;
				DEBUG_INFORMATION_FORMAT = "dwarf-with-dsym";
				ENABLE_NS_ASSERTIONS = NO;
				ENABLE_STRICT_OBJC_MSGSEND = YES;
				GCC_C_LANGUAGE_STANDARD = gnu11;
				GCC_NO_COMMON_BLOCKS = YES;
				GCC_WARN_64_TO_32_BIT_CONVERSION = YES;
				GCC_WARN_ABOUT_RETURN_TYPE = YES_ERROR;
				GCC_WARN_UNDECLARED_SELECTOR = YES;
				GCC_WARN_UNINITIALIZED_AUTOS = YES_AGGRESSIVE;
				GCC_WARN_UNUSED_FUNCTION = YES;
				GCC_WARN_UNUSED_VARIABLE = YES;
				IPHONEOS_DEPLOYMENT_TARGET = 15.5;
				MTL_ENABLE_DEBUG_INFO = NO;
				MTL_FAST_MATH = YES;
				SDKROOT = iphoneos;
				SWIFT_COMPILATION_MODE = wholemodule;
				SWIFT_OPTIMIZATION_LEVEL = "-O";
				VALIDATE_PRODUCT = YES;
			};
			name = Release;
		};
		4026B87128534AE900A0A434 /* Debug */ = {
			isa = XCBuildConfiguration;
			buildSettings = {
				ASSETCATALOG_COMPILER_APPICON_NAME = AppIcon;
				ASSETCATALOG_COMPILER_GLOBAL_ACCENT_COLOR_NAME = AccentColor;
				CODE_SIGN_STYLE = Automatic;
				CURRENT_PROJECT_VERSION = 1;
				DEVELOPMENT_TEAM = NA9T93Y8HB;
				GENERATE_INFOPLIST_FILE = YES;
				INFOPLIST_FILE = ExLoginScreen/Info.plist;
				INFOPLIST_KEY_UIApplicationSupportsIndirectInputEvents = YES;
				INFOPLIST_KEY_UILaunchStoryboardName = LaunchScreen;
				INFOPLIST_KEY_UIMainStoryboardFile = Main;
				INFOPLIST_KEY_UISupportedInterfaceOrientations_iPad = "UIInterfaceOrientationPortrait UIInterfaceOrientationPortraitUpsideDown UIInterfaceOrientationLandscapeLeft UIInterfaceOrientationLandscapeRight";
				INFOPLIST_KEY_UISupportedInterfaceOrientations_iPhone = "UIInterfaceOrientationPortrait UIInterfaceOrientationLandscapeLeft UIInterfaceOrientationLandscapeRight";
				LD_RUNPATH_SEARCH_PATHS = (
					"$(inherited)",
					"@executable_path/Frameworks",
				);
				MARKETING_VERSION = 1.0;
				PRODUCT_BUNDLE_IDENTIFIER = practice.ExLoginScreen;
				PRODUCT_NAME = "$(TARGET_NAME)";
				SWIFT_EMIT_LOC_STRINGS = YES;
				SWIFT_VERSION = 5.0;
				TARGETED_DEVICE_FAMILY = "1,2";
			};
			name = Debug;
		};
		4026B87228534AE900A0A434 /* Release */ = {
			isa = XCBuildConfiguration;
			buildSettings = {
				ASSETCATALOG_COMPILER_APPICON_NAME = AppIcon;
				ASSETCATALOG_COMPILER_GLOBAL_ACCENT_COLOR_NAME = AccentColor;
				CODE_SIGN_STYLE = Automatic;
				CURRENT_PROJECT_VERSION = 1;
				DEVELOPMENT_TEAM = NA9T93Y8HB;
				GENERATE_INFOPLIST_FILE = YES;
				INFOPLIST_FILE = ExLoginScreen/Info.plist;
				INFOPLIST_KEY_UIApplicationSupportsIndirectInputEvents = YES;
				INFOPLIST_KEY_UILaunchStoryboardName = LaunchScreen;
				INFOPLIST_KEY_UIMainStoryboardFile = Main;
				INFOPLIST_KEY_UISupportedInterfaceOrientations_iPad = "UIInterfaceOrientationPortrait UIInterfaceOrientationPortraitUpsideDown UIInterfaceOrientationLandscapeLeft UIInterfaceOrientationLandscapeRight";
				INFOPLIST_KEY_UISupportedInterfaceOrientations_iPhone = "UIInterfaceOrientationPortrait UIInterfaceOrientationLandscapeLeft UIInterfaceOrientationLandscapeRight";
				LD_RUNPATH_SEARCH_PATHS = (
					"$(inherited)",
					"@executable_path/Frameworks",
				);
				MARKETING_VERSION = 1.0;
				PRODUCT_BUNDLE_IDENTIFIER = practice.ExLoginScreen;
				PRODUCT_NAME = "$(TARGET_NAME)";
				SWIFT_EMIT_LOC_STRINGS = YES;
				SWIFT_VERSION = 5.0;
				TARGETED_DEVICE_FAMILY = "1,2";
			};
			name = Release;
		};
		4026B87428534AE900A0A434 /* Debug */ = {
			isa = XCBuildConfiguration;
			buildSettings = {
				ALWAYS_EMBED_SWIFT_STANDARD_LIBRARIES = YES;
				BUNDLE_LOADER = "$(TEST_HOST)";
				CODE_SIGN_STYLE = Automatic;
				CURRENT_PROJECT_VERSION = 1;
				DEVELOPMENT_TEAM = NA9T93Y8HB;
				GENERATE_INFOPLIST_FILE = YES;
				IPHONEOS_DEPLOYMENT_TARGET = 15.5;
				MARKETING_VERSION = 1.0;
				PRODUCT_BUNDLE_IDENTIFIER = practice.ExLoginScreenTests;
				PRODUCT_NAME = "$(TARGET_NAME)";
				SWIFT_EMIT_LOC_STRINGS = NO;
				SWIFT_VERSION = 5.0;
				TARGETED_DEVICE_FAMILY = "1,2";
				TEST_HOST = "$(BUILT_PRODUCTS_DIR)/ExLoginScreen.app/ExLoginScreen";
			};
			name = Debug;
		};
		4026B87528534AE900A0A434 /* Release */ = {
			isa = XCBuildConfiguration;
			buildSettings = {
				ALWAYS_EMBED_SWIFT_STANDARD_LIBRARIES = YES;
				BUNDLE_LOADER = "$(TEST_HOST)";
				CODE_SIGN_STYLE = Automatic;
				CURRENT_PROJECT_VERSION = 1;
				DEVELOPMENT_TEAM = NA9T93Y8HB;
				GENERATE_INFOPLIST_FILE = YES;
				IPHONEOS_DEPLOYMENT_TARGET = 15.5;
				MARKETING_VERSION = 1.0;
				PRODUCT_BUNDLE_IDENTIFIER = practice.ExLoginScreenTests;
				PRODUCT_NAME = "$(TARGET_NAME)";
				SWIFT_EMIT_LOC_STRINGS = NO;
				SWIFT_VERSION = 5.0;
				TARGETED_DEVICE_FAMILY = "1,2";
				TEST_HOST = "$(BUILT_PRODUCTS_DIR)/ExLoginScreen.app/ExLoginScreen";
			};
			name = Release;
		};
		4026B87728534AE900A0A434 /* Debug */ = {
			isa = XCBuildConfiguration;
			buildSettings = {
				ALWAYS_EMBED_SWIFT_STANDARD_LIBRARIES = YES;
				CODE_SIGN_STYLE = Automatic;
				CURRENT_PROJECT_VERSION = 1;
				DEVELOPMENT_TEAM = NA9T93Y8HB;
				GENERATE_INFOPLIST_FILE = YES;
				MARKETING_VERSION = 1.0;
				PRODUCT_BUNDLE_IDENTIFIER = practice.ExLoginScreenUITests;
				PRODUCT_NAME = "$(TARGET_NAME)";
				SWIFT_EMIT_LOC_STRINGS = NO;
				SWIFT_VERSION = 5.0;
				TARGETED_DEVICE_FAMILY = "1,2";
				TEST_TARGET_NAME = ExLoginScreen;
			};
			name = Debug;
		};
		4026B87828534AE900A0A434 /* Release */ = {
			isa = XCBuildConfiguration;
			buildSettings = {
				ALWAYS_EMBED_SWIFT_STANDARD_LIBRARIES = YES;
				CODE_SIGN_STYLE = Automatic;
				CURRENT_PROJECT_VERSION = 1;
				DEVELOPMENT_TEAM = NA9T93Y8HB;
				GENERATE_INFOPLIST_FILE = YES;
				MARKETING_VERSION = 1.0;
				PRODUCT_BUNDLE_IDENTIFIER = practice.ExLoginScreenUITests;
				PRODUCT_NAME = "$(TARGET_NAME)";
				SWIFT_EMIT_LOC_STRINGS = NO;
				SWIFT_VERSION = 5.0;
				TARGETED_DEVICE_FAMILY = "1,2";
				TEST_TARGET_NAME = ExLoginScreen;
			};
			name = Release;
		};
/* End XCBuildConfiguration section */

/* Begin XCConfigurationList section */
		4026B84128534AE600A0A434 /* Build configuration list for PBXProject "ExLoginScreen" */ = {
			isa = XCConfigurationList;
			buildConfigurations = (
				4026B86E28534AE900A0A434 /* Debug */,
				4026B86F28534AE900A0A434 /* Release */,
			);
			defaultConfigurationIsVisible = 0;
			defaultConfigurationName = Release;
		};
		4026B87028534AE900A0A434 /* Build configuration list for PBXNativeTarget "ExLoginScreen" */ = {
			isa = XCConfigurationList;
			buildConfigurations = (
				4026B87128534AE900A0A434 /* Debug */,
				4026B87228534AE900A0A434 /* Release */,
			);
			defaultConfigurationIsVisible = 0;
			defaultConfigurationName = Release;
		};
		4026B87328534AE900A0A434 /* Build configuration list for PBXNativeTarget "ExLoginScreenTests" */ = {
			isa = XCConfigurationList;
			buildConfigurations = (
				4026B87428534AE900A0A434 /* Debug */,
				4026B87528534AE900A0A434 /* Release */,
			);
			defaultConfigurationIsVisible = 0;
			defaultConfigurationName = Release;
		};
		4026B87628534AE900A0A434 /* Build configuration list for PBXNativeTarget "ExLoginScreenUITests" */ = {
			isa = XCConfigurationList;
			buildConfigurations = (
				4026B87728534AE900A0A434 /* Debug */,
				4026B87828534AE900A0A434 /* Release */,
			);
			defaultConfigurationIsVisible = 0;
			defaultConfigurationName = Release;
		};
/* End XCConfigurationList section */
	};
	rootObject = 4026B83E28534AE600A0A434 /* Project object */;
}
